
Microsoft Visual Studio Solution File, Format Version 12.00
# Visual Studio Version 16
VisualStudioVersion = 16.0.28922.388
MinimumVisualStudioVersion = 10.0.40219.1
Project("{FAE04EC0-301F-11D3-BF4B-00C04F79EFBC}") = "RussianRoulette", "RussianRoulette\RussianRoulette.csproj", "{AFD7B82F-02A0-4CEC-ACF7-20E37AE2392E}"
EndProject
Global
	GlobalSection(SolutionConfigurationPlatforms) = preSolution
		Debug|Any CPU = Debug|Any CPU
		Release|Any CPU = Release|Any CPU
	EndGlobalSection
	GlobalSection(ProjectConfigurationPlatforms) = postSolution
		{AFD7B82F-02A0-4CEC-ACF7-20E37AE2392E}.Debug|Any CPU.ActiveCfg = Debug|Any CPU
		{AFD7B82F-02A0-4CEC-ACF7-20E37AE2392E}.Debug|Any CPU.Build.0 = Debug|Any CPU
		{AFD7B82F-02A0-4CEC-ACF7-20E37AE2392E}.Release|Any CPU.ActiveCfg = Release|Any CPU
		{AFD7B82F-02A0-4CEC-ACF7-20E37AE2392E}.Release|Any CPU.Build.0 = Release|Any CPU
	EndGlobalSection
	GlobalSection(SolutionProperties) = preSolution
		HideSolutionNode = FALSE
	EndGlobalSection
	GlobalSection(ExtensibilityGlobals) = postSolution
		SolutionGuid = {48073B9B-4DA6-421F-AA31-718845289379}
	EndGlobalSection
EndGlobal
